
Microsoft Visual Studio Solution File, Format Version 12.00
# Visual Studio Version 17
VisualStudioVersion = 17.5.33627.172
MinimumVisualStudioVersion = 10.0.40219.1
Project("{2150E333-8FDC-42A3-9474-1A3956D46DE8}") = "proto", "proto", "{95E8E031-7D1B-4FB6-AB51-3CE7D23A5C4B}"
	ProjectSection(SolutionItems) = preProject
		holamundo.proto = holamundo.proto
	EndProjectSection
EndProject
Project("{FAE04EC0-301F-11D3-BF4B-00C04F79EFBC}") = "Cliente", "Cliente\Cliente.csproj", "{DCDCEFF2-9AEE-4B39-9CDF-20F77A60A7EA}"
EndProject
Project("{FAE04EC0-301F-11D3-BF4B-00C04F79EFBC}") = "Servidor", "Servidor\Servidor.csproj", "{A34FD50C-505E-47D1-BF0F-8C2C36DEB12F}"
EndProject
Global
	GlobalSection(SolutionConfigurationPlatforms) = preSolution
		Debug|Any CPU = Debug|Any CPU
		Release|Any CPU = Release|Any CPU
	EndGlobalSection
	GlobalSection(ProjectConfigurationPlatforms) = postSolution
		{DCDCEFF2-9AEE-4B39-9CDF-20F77A60A7EA}.Debug|Any CPU.ActiveCfg = Debug|Any CPU
		{DCDCEFF2-9AEE-4B39-9CDF-20F77A60A7EA}.Debug|Any CPU.Build.0 = Debug|Any CPU
		{DCDCEFF2-9AEE-4B39-9CDF-20F77A60A7EA}.Release|Any CPU.ActiveCfg = Release|Any CPU
		{DCDCEFF2-9AEE-4B39-9CDF-20F77A60A7EA}.Release|Any CPU.Build.0 = Release|Any CPU
		{A34FD50C-505E-47D1-BF0F-8C2C36DEB12F}.Debug|Any CPU.ActiveCfg = Debug|Any CPU
		{A34FD50C-505E-47D1-BF0F-8C2C36DEB12F}.Debug|Any CPU.Build.0 = Debug|Any CPU
		{A34FD50C-505E-47D1-BF0F-8C2C36DEB12F}.Release|Any CPU.ActiveCfg = Release|Any CPU
		{A34FD50C-505E-47D1-BF0F-8C2C36DEB12F}.Release|Any CPU.Build.0 = Release|Any CPU
	EndGlobalSection
	GlobalSection(SolutionProperties) = preSolution
		HideSolutionNode = FALSE
	EndGlobalSection
	GlobalSection(ExtensibilityGlobals) = postSolution
		SolutionGuid = {3AE762CC-EBE4-4437-AB92-F44B33E25F59}
	EndGlobalSection
EndGlobal
